
Microsoft Visual Studio Solution File, Format Version 12.00
# Visual Studio 2012
Project("{8BC9CEB8-8B4A-11D0-8D11-00A0C91BC942}") = "lab4", "lab4.vcxproj", "{B18FB797-220F-4AA0-8E52-DEEF76FDE883}"
EndProject
Global
	GlobalSection(SolutionConfigurationPlatforms) = preSolution
		Debug|Win32 = Debug|Win32
		Release|Win32 = Release|Win32
	EndGlobalSection
	GlobalSection(ProjectConfigurationPlatforms) = postSolution
		{B18FB797-220F-4AA0-8E52-DEEF76FDE883}.Debug|Win32.ActiveCfg = Debug|Win32
		{B18FB797-220F-4AA0-8E52-DEEF76FDE883}.Debug|Win32.Build.0 = Debug|Win32
		{B18FB797-220F-4AA0-8E52-DEEF76FDE883}.Release|Win32.ActiveCfg = Release|Win32
		{B18FB797-220F-4AA0-8E52-DEEF76FDE883}.Release|Win32.Build.0 = Release|Win32
	EndGlobalSection
	GlobalSection(SolutionProperties) = preSolution
		HideSolutionNode = FALSE
	EndGlobalSection
EndGlobal
