
Microsoft Visual Studio Solution File, Format Version 12.00
# Visual Studio 2012
Project("{8BC9CEB8-8B4A-11D0-8D11-00A0C91BC942}") = "BFSSpike_1", "BFSSpike.vcxproj", "{4D65748E-CDB9-41A5-AE89-AB40296E5B32}"
EndProject
Project("{8BC9CEB8-8B4A-11D0-8D11-00A0C91BC942}") = "BFSSpike_2", "..\BFSSpike_2\BFSSpike_2.vcxproj", "{0EC709B9-F946-4055-85D7-110CCFD49F7B}"
EndProject
Global
	GlobalSection(SolutionConfigurationPlatforms) = preSolution
		Debug|Win32 = Debug|Win32
		Release|Win32 = Release|Win32
	EndGlobalSection
	GlobalSection(ProjectConfigurationPlatforms) = postSolution
		{4D65748E-CDB9-41A5-AE89-AB40296E5B32}.Debug|Win32.ActiveCfg = Debug|Win32
		{4D65748E-CDB9-41A5-AE89-AB40296E5B32}.Debug|Win32.Build.0 = Debug|Win32
		{4D65748E-CDB9-41A5-AE89-AB40296E5B32}.Release|Win32.ActiveCfg = Release|Win32
		{4D65748E-CDB9-41A5-AE89-AB40296E5B32}.Release|Win32.Build.0 = Release|Win32
		{0EC709B9-F946-4055-85D7-110CCFD49F7B}.Debug|Win32.ActiveCfg = Debug|Win32
		{0EC709B9-F946-4055-85D7-110CCFD49F7B}.Debug|Win32.Build.0 = Debug|Win32
		{0EC709B9-F946-4055-85D7-110CCFD49F7B}.Release|Win32.ActiveCfg = Release|Win32
		{0EC709B9-F946-4055-85D7-110CCFD49F7B}.Release|Win32.Build.0 = Release|Win32
	EndGlobalSection
	GlobalSection(SolutionProperties) = preSolution
		HideSolutionNode = FALSE
	EndGlobalSection
EndGlobal
