
Microsoft Visual Studio Solution File, Format Version 12.00
# Visual Studio 14
VisualStudioVersion = 14.0.25123.0
MinimumVisualStudioVersion = 10.0.40219.1
Project("{8BC9CEB8-8B4A-11D0-8D11-00A0C91BC942}") = "Lab 0", "Lab 0\Lab 0.vcxproj", "{90BB34E6-8F79-4E47-B3C9-A6C66B472E62}"
EndProject
Project("{8BC9CEB8-8B4A-11D0-8D11-00A0C91BC942}") = "Lab 2", "Lab 2\Lab 2.vcxproj", "{3BFDD278-27D1-4FAF-8347-D6E415E136C2}"
EndProject
Project("{8BC9CEB8-8B4A-11D0-8D11-00A0C91BC942}") = "Lab 3", "Lab 3\Lab 3.vcxproj", "{2774CAAA-C14E-462A-B507-7BBD20BD379A}"
EndProject
Project("{8BC9CEB8-8B4A-11D0-8D11-00A0C91BC942}") = "Lab 4", "Lab 4\Lab 4.vcxproj", "{AFB8D130-72D2-4509-9C98-C6217713A0E4}"
EndProject
Project("{8BC9CEB8-8B4A-11D0-8D11-00A0C91BC942}") = "Lab 5", "Lab 5\Lab 5.vcxproj", "{517D3329-56C0-481A-B72C-E56C3E79EE6C}"
EndProject
Project("{8BC9CEB8-8B4A-11D0-8D11-00A0C91BC942}") = "Lab 6", "Lab 6\Lab 6.vcxproj", "{108A8239-F52C-4366-839A-7080B83A5660}"
EndProject
Project("{8BC9CEB8-8B4A-11D0-8D11-00A0C91BC942}") = "Lab 7", "Lab 7\Lab 7.vcxproj", "{1E3365C2-3DBB-4643-8E69-7047611FD919}"
EndProject
Project("{8BC9CEB8-8B4A-11D0-8D11-00A0C91BC942}") = "Lab 8", "Lab 8\Lab 8.vcxproj", "{151CE04A-E3D8-4AC0-A110-8D8553E4D9A4}"
EndProject
Project("{8BC9CEB8-8B4A-11D0-8D11-00A0C91BC942}") = "Lab 9", "Lab 9\Lab 9.vcxproj", "{A9A55574-F875-4B72-AFD0-57FDB870B930}"
EndProject
Project("{8BC9CEB8-8B4A-11D0-8D11-00A0C91BC942}") = "Lab 10", "Lab 10\Lab 10.vcxproj", "{DAB50749-A2C7-4121-9A48-0F5342997473}"
EndProject
Project("{8BC9CEB8-8B4A-11D0-8D11-00A0C91BC942}") = "Lab 11", "Lab 11\Lab 11.vcxproj", "{857406FE-D6BE-4C17-9D63-DAB9C072BBB3}"
EndProject
Global
	GlobalSection(SolutionConfigurationPlatforms) = preSolution
		Debug|x64 = Debug|x64
		Debug|x86 = Debug|x86
		Release|x64 = Release|x64
		Release|x86 = Release|x86
	EndGlobalSection
	GlobalSection(ProjectConfigurationPlatforms) = postSolution
		{90BB34E6-8F79-4E47-B3C9-A6C66B472E62}.Debug|x64.ActiveCfg = Debug|x64
		{90BB34E6-8F79-4E47-B3C9-A6C66B472E62}.Debug|x64.Build.0 = Debug|x64
		{90BB34E6-8F79-4E47-B3C9-A6C66B472E62}.Debug|x86.ActiveCfg = Debug|Win32
		{90BB34E6-8F79-4E47-B3C9-A6C66B472E62}.Debug|x86.Build.0 = Debug|Win32
		{90BB34E6-8F79-4E47-B3C9-A6C66B472E62}.Release|x64.ActiveCfg = Release|x64
		{90BB34E6-8F79-4E47-B3C9-A6C66B472E62}.Release|x64.Build.0 = Release|x64
		{90BB34E6-8F79-4E47-B3C9-A6C66B472E62}.Release|x86.ActiveCfg = Release|Win32
		{90BB34E6-8F79-4E47-B3C9-A6C66B472E62}.Release|x86.Build.0 = Release|Win32
		{3BFDD278-27D1-4FAF-8347-D6E415E136C2}.Debug|x64.ActiveCfg = Debug|x64
		{3BFDD278-27D1-4FAF-8347-D6E415E136C2}.Debug|x64.Build.0 = Debug|x64
		{3BFDD278-27D1-4FAF-8347-D6E415E136C2}.Debug|x86.ActiveCfg = Debug|Win32
		{3BFDD278-27D1-4FAF-8347-D6E415E136C2}.Debug|x86.Build.0 = Debug|Win32
		{3BFDD278-27D1-4FAF-8347-D6E415E136C2}.Release|x64.ActiveCfg = Release|x64
		{3BFDD278-27D1-4FAF-8347-D6E415E136C2}.Release|x64.Build.0 = Release|x64
		{3BFDD278-27D1-4FAF-8347-D6E415E136C2}.Release|x86.ActiveCfg = Release|Win32
		{3BFDD278-27D1-4FAF-8347-D6E415E136C2}.Release|x86.Build.0 = Release|Win32
		{2774CAAA-C14E-462A-B507-7BBD20BD379A}.Debug|x64.ActiveCfg = Debug|x64
		{2774CAAA-C14E-462A-B507-7BBD20BD379A}.Debug|x64.Build.0 = Debug|x64
		{2774CAAA-C14E-462A-B507-7BBD20BD379A}.Debug|x86.ActiveCfg = Debug|Win32
		{2774CAAA-C14E-462A-B507-7BBD20BD379A}.Debug|x86.Build.0 = Debug|Win32
		{2774CAAA-C14E-462A-B507-7BBD20BD379A}.Release|x64.ActiveCfg = Release|x64
		{2774CAAA-C14E-462A-B507-7BBD20BD379A}.Release|x64.Build.0 = Release|x64
		{2774CAAA-C14E-462A-B507-7BBD20BD379A}.Release|x86.ActiveCfg = Release|Win32
		{2774CAAA-C14E-462A-B507-7BBD20BD379A}.Release|x86.Build.0 = Release|Win32
		{AFB8D130-72D2-4509-9C98-C6217713A0E4}.Debug|x64.ActiveCfg = Debug|x64
		{AFB8D130-72D2-4509-9C98-C6217713A0E4}.Debug|x64.Build.0 = Debug|x64
		{AFB8D130-72D2-4509-9C98-C6217713A0E4}.Debug|x86.ActiveCfg = Debug|Win32
		{AFB8D130-72D2-4509-9C98-C6217713A0E4}.Debug|x86.Build.0 = Debug|Win32
		{AFB8D130-72D2-4509-9C98-C6217713A0E4}.Release|x64.ActiveCfg = Release|x64
		{AFB8D130-72D2-4509-9C98-C6217713A0E4}.Release|x64.Build.0 = Release|x64
		{AFB8D130-72D2-4509-9C98-C6217713A0E4}.Release|x86.ActiveCfg = Release|Win32
		{AFB8D130-72D2-4509-9C98-C6217713A0E4}.Release|x86.Build.0 = Release|Win32
		{517D3329-56C0-481A-B72C-E56C3E79EE6C}.Debug|x64.ActiveCfg = Debug|x64
		{517D3329-56C0-481A-B72C-E56C3E79EE6C}.Debug|x64.Build.0 = Debug|x64
		{517D3329-56C0-481A-B72C-E56C3E79EE6C}.Debug|x86.ActiveCfg = Debug|Win32
		{517D3329-56C0-481A-B72C-E56C3E79EE6C}.Debug|x86.Build.0 = Debug|Win32
		{517D3329-56C0-481A-B72C-E56C3E79EE6C}.Release|x64.ActiveCfg = Release|x64
		{517D3329-56C0-481A-B72C-E56C3E79EE6C}.Release|x64.Build.0 = Release|x64
		{517D3329-56C0-481A-B72C-E56C3E79EE6C}.Release|x86.ActiveCfg = Release|Win32
		{517D3329-56C0-481A-B72C-E56C3E79EE6C}.Release|x86.Build.0 = Release|Win32
		{108A8239-F52C-4366-839A-7080B83A5660}.Debug|x64.ActiveCfg = Debug|x64
		{108A8239-F52C-4366-839A-7080B83A5660}.Debug|x64.Build.0 = Debug|x64
		{108A8239-F52C-4366-839A-7080B83A5660}.Debug|x86.ActiveCfg = Debug|Win32
		{108A8239-F52C-4366-839A-7080B83A5660}.Debug|x86.Build.0 = Debug|Win32
		{108A8239-F52C-4366-839A-7080B83A5660}.Release|x64.ActiveCfg = Release|x64
		{108A8239-F52C-4366-839A-7080B83A5660}.Release|x64.Build.0 = Release|x64
		{108A8239-F52C-4366-839A-7080B83A5660}.Release|x86.ActiveCfg = Release|Win32
		{108A8239-F52C-4366-839A-7080B83A5660}.Release|x86.Build.0 = Release|Win32
		{1E3365C2-3DBB-4643-8E69-7047611FD919}.Debug|x64.ActiveCfg = Debug|x64
		{1E3365C2-3DBB-4643-8E69-7047611FD919}.Debug|x64.Build.0 = Debug|x64
		{1E3365C2-3DBB-4643-8E69-7047611FD919}.Debug|x86.ActiveCfg = Debug|Win32
		{1E3365C2-3DBB-4643-8E69-7047611FD919}.Debug|x86.Build.0 = Debug|Win32
		{1E3365C2-3DBB-4643-8E69-7047611FD919}.Release|x64.ActiveCfg = Release|x64
		{1E3365C2-3DBB-4643-8E69-7047611FD919}.Release|x64.Build.0 = Release|x64
		{1E3365C2-3DBB-4643-8E69-7047611FD919}.Release|x86.ActiveCfg = Release|Win32
		{1E3365C2-3DBB-4643-8E69-7047611FD919}.Release|x86.Build.0 = Release|Win32
		{151CE04A-E3D8-4AC0-A110-8D8553E4D9A4}.Debug|x64.ActiveCfg = Debug|x64
		{151CE04A-E3D8-4AC0-A110-8D8553E4D9A4}.Debug|x64.Build.0 = Debug|x64
		{151CE04A-E3D8-4AC0-A110-8D8553E4D9A4}.Debug|x86.ActiveCfg = Debug|Win32
		{151CE04A-E3D8-4AC0-A110-8D8553E4D9A4}.Debug|x86.Build.0 = Debug|Win32
		{151CE04A-E3D8-4AC0-A110-8D8553E4D9A4}.Release|x64.ActiveCfg = Release|x64
		{151CE04A-E3D8-4AC0-A110-8D8553E4D9A4}.Release|x64.Build.0 = Release|x64
		{151CE04A-E3D8-4AC0-A110-8D8553E4D9A4}.Release|x86.ActiveCfg = Release|Win32
		{151CE04A-E3D8-4AC0-A110-8D8553E4D9A4}.Release|x86.Build.0 = Release|Win32
		{A9A55574-F875-4B72-AFD0-57FDB870B930}.Debug|x64.ActiveCfg = Debug|x64
		{A9A55574-F875-4B72-AFD0-57FDB870B930}.Debug|x64.Build.0 = Debug|x64
		{A9A55574-F875-4B72-AFD0-57FDB870B930}.Debug|x86.ActiveCfg = Debug|Win32
		{A9A55574-F875-4B72-AFD0-57FDB870B930}.Debug|x86.Build.0 = Debug|Win32
		{A9A55574-F875-4B72-AFD0-57FDB870B930}.Release|x64.ActiveCfg = Release|x64
		{A9A55574-F875-4B72-AFD0-57FDB870B930}.Release|x64.Build.0 = Release|x64
		{A9A55574-F875-4B72-AFD0-57FDB870B930}.Release|x86.ActiveCfg = Release|Win32
		{A9A55574-F875-4B72-AFD0-57FDB870B930}.Release|x86.Build.0 = Release|Win32
		{DAB50749-A2C7-4121-9A48-0F5342997473}.Debug|x64.ActiveCfg = Debug|x64
		{DAB50749-A2C7-4121-9A48-0F5342997473}.Debug|x64.Build.0 = Debug|x64
		{DAB50749-A2C7-4121-9A48-0F5342997473}.Debug|x86.ActiveCfg = Debug|Win32
		{DAB50749-A2C7-4121-9A48-0F5342997473}.Debug|x86.Build.0 = Debug|Win32
		{DAB50749-A2C7-4121-9A48-0F5342997473}.Release|x64.ActiveCfg = Release|x64
		{DAB50749-A2C7-4121-9A48-0F5342997473}.Release|x64.Build.0 = Release|x64
		{DAB50749-A2C7-4121-9A48-0F5342997473}.Release|x86.ActiveCfg = Release|Win32
		{DAB50749-A2C7-4121-9A48-0F5342997473}.Release|x86.Build.0 = Release|Win32
		{857406FE-D6BE-4C17-9D63-DAB9C072BBB3}.Debug|x64.ActiveCfg = Debug|x64
		{857406FE-D6BE-4C17-9D63-DAB9C072BBB3}.Debug|x64.Build.0 = Debug|x64
		{857406FE-D6BE-4C17-9D63-DAB9C072BBB3}.Debug|x86.ActiveCfg = Debug|Win32
		{857406FE-D6BE-4C17-9D63-DAB9C072BBB3}.Debug|x86.Build.0 = Debug|Win32
		{857406FE-D6BE-4C17-9D63-DAB9C072BBB3}.Release|x64.ActiveCfg = Release|x64
		{857406FE-D6BE-4C17-9D63-DAB9C072BBB3}.Release|x64.Build.0 = Release|x64
		{857406FE-D6BE-4C17-9D63-DAB9C072BBB3}.Release|x86.ActiveCfg = Release|Win32
		{857406FE-D6BE-4C17-9D63-DAB9C072BBB3}.Release|x86.Build.0 = Release|Win32
	EndGlobalSection
	GlobalSection(SolutionProperties) = preSolution
		HideSolutionNode = FALSE
	EndGlobalSection
EndGlobal
