<?xml version="1.0" encoding="utf-8"?>
<Project ToolsVersion="4.0" xmlns="http://schemas.microsoft.com/developer/msbuild/2003">
  <ItemGroup>
    <Filter Include="Source Files">
      <UniqueIdentifier>{4FC737F1-C7A5-4376-A066-2A32D752A2FF}</UniqueIdentifier>
      <Extensions>cpp;c;cc;cxx;def;odl;idl;hpj;bat;asm;asmx</Extensions>
    </Filter>
    <Filter Include="Header Files">
      <UniqueIdentifier>{93995380-89BD-4b04-88EB-625FBE52EBFB}</UniqueIdentifier>
      <Extensions>h;hpp;hxx;hm;inl;inc;xsd</Extensions>
    </Filter>
    <Filter Include="Resource Files">
      <UniqueIdentifier>{67DA6AB6-F800-4c08-8B7A-83BB121AAD01}</UniqueIdentifier>
      <Extensions>rc;ico;cur;bmp;dlg;rc2;rct;bin;rgs;gif;jpg;jpeg;jpe;resx;tiff;tif;png;wav;mfcribbon-ms</Extensions>
    </Filter>
  </ItemGroup>
  <ItemGroup>
    <ClCompile Include="SE333 Project.cpp">
      <Filter>Source Files</Filter>
    </ClCompile>
    <ClCompile Include="AssemblyInfo.cpp">
      <Filter>Source Files</Filter>
    </ClCompile>
    <ClCompile Include="stdafx.cpp">
      <Filter>Source Files</Filter>
    </ClCompile>
    <ClCompile Include="Reservation.cpp">
      <Filter>Source Files</Filter>
    </ClCompile>
    <ClCompile Include="Seat.cpp">
      <Filter>Source Files</Filter>
    </ClCompile>
    <ClCompile Include="Flight.cpp">
      <Filter>Source Files</Filter>
    </ClCompile>
    <ClCompile Include="Room.cpp">
      <Filter>Source Files</Filter>
    </ClCompile>
    <ClCompile Include="Hotel.cpp">
      <Filter>Source Files</Filter>
    </ClCompile>
    <ClCompile Include="SeatReservation.cpp">
      <Filter>Source Files</Filter>
    </ClCompile>
    <ClCompile Include="RoomReservation.cpp">
      <Filter>Source Files</Filter>
    </ClCompile>
    <ClCompile Include="ReservationController.cpp">
      <Filter>Source Files</Filter>
    </ClCompile>
    <ClCompile Include="HotelController.cpp">
      <Filter>Source Files</Filter>
    </ClCompile>
    <ClCompile Include="FlightController.cpp">
      <Filter>Source Files</Filter>
    </ClCompile>
    <ClCompile Include="ReservationCommander.cpp">
      <Filter>Source Files</Filter>
    </ClCompile>
    <ClCompile Include="AddToCartCommand.cpp">
      <Filter>Source Files</Filter>
    </ClCompile>
    <ClCompile Include="FlightStage.cpp">
      <Filter>Source Files</Filter>
    </ClCompile>
    <ClCompile Include="ReceiptItinerary.cpp">
      <Filter>Source Files</Filter>
    </ClCompile>
    <ClCompile Include="CancelReservationCommand.cpp">
      <Filter>Source Files</Filter>
    </ClCompile>
    <ClCompile Include="RemoveFromCartCommand.cpp">
      <Filter>Source Files</Filter>
    </ClCompile>
    <ClCompile Include="ReserveOrderCommand.cpp">
      <Filter>Source Files</Filter>
    </ClCompile>
    <ClCompile Include="Command.cpp">
      <Filter>Source Files</Filter>
    </ClCompile>
  </ItemGroup>
  <ItemGroup>
    <ClInclude Include="stdafx.h">
      <Filter>Header Files</Filter>
    </ClInclude>
    <ClInclude Include="resource.h">
      <Filter>Header Files</Filter>
    </ClInclude>
    <ClInclude Include="Flight.h">
      <Filter>Header Files</Filter>
    </ClInclude>
    <ClInclude Include="Hotel.h">
      <Filter>Header Files</Filter>
    </ClInclude>
    <ClInclude Include="Reservation.h">
      <Filter>Header Files</Filter>
    </ClInclude>
    <ClInclude Include="Room.h">
      <Filter>Header Files</Filter>
    </ClInclude>
    <ClInclude Include="Seat.h">
      <Filter>Header Files</Filter>
    </ClInclude>
    <ClInclude Include="SearchScreen.h">
      <Filter>Header Files</Filter>
    </ClInclude>
    <ClInclude Include="ReservationScreen.h">
      <Filter>Header Files</Filter>
    </ClInclude>
    <ClInclude Include="ConfirmationScreen.h">
      <Filter>Header Files</Filter>
    </ClInclude>
    <ClInclude Include="SeatReservation.h">
      <Filter>Header Files</Filter>
    </ClInclude>
    <ClInclude Include="RoomReservation.h">
      <Filter>Header Files</Filter>
    </ClInclude>
    <ClInclude Include="HotelController.h">
      <Filter>Header Files</Filter>
    </ClInclude>
    <ClInclude Include="FlightController.h">
      <Filter>Header Files</Filter>
    </ClInclude>
    <ClInclude Include="ReservationController.h">
      <Filter>Header Files</Filter>
    </ClInclude>
    <ClInclude Include="CancelReservation.h">
      <Filter>Header Files</Filter>
    </ClInclude>
    <ClInclude Include="ReceiptItinerary.h">
      <Filter>Header Files</Filter>
    </ClInclude>
    <ClInclude Include="ReservationCommander.h">
      <Filter>Header Files</Filter>
    </ClInclude>
    <ClInclude Include="Command.h">
      <Filter>Header Files</Filter>
    </ClInclude>
    <ClInclude Include="AddToCartCommand.h">
      <Filter>Header Files</Filter>
    </ClInclude>
    <ClInclude Include="FlightStage.h">
      <Filter>Header Files</Filter>
    </ClInclude>
    <ClInclude Include="CancelReservationCommand.h">
      <Filter>Header Files</Filter>
    </ClInclude>
    <ClInclude Include="RemoveFromCartCommand.h">
      <Filter>Header Files</Filter>
    </ClInclude>
    <ClInclude Include="ReserveOrderCommand.h">
      <Filter>Header Files</Filter>
    </ClInclude>
  </ItemGroup>
  <ItemGroup>
    <ResourceCompile Include="app.rc">
      <Filter>Resource Files</Filter>
    </ResourceCompile>
  </ItemGroup>
  <ItemGroup>
    <Image Include="app.ico">
      <Filter>Resource Files</Filter>
    </Image>
  </ItemGroup>
  <ItemGroup>
    <EmbeddedResource Include="SearchScreen.resx">
      <Filter>Resource Files</Filter>
    </EmbeddedResource>
    <EmbeddedResource Include="ConfirmationScreen.resx">
      <Filter>Resource Files</Filter>
    </EmbeddedResource>
    <EmbeddedResource Include="ReservationScreen.resx">
      <Filter>Resource Files</Filter>
    </EmbeddedResource>
    <EmbeddedResource Include="CancelReservation.resx">
      <Filter>Resource Files</Filter>
    </EmbeddedResource>
    <EmbeddedResource Include="ReceiptItinerary.resx">
      <Filter>Resource Files</Filter>
    </EmbeddedResource>
  </ItemGroup>
  <ItemGroup>
    <None Include="ClassDiagram.cd" />
  </ItemGroup>
</Project>